
Microsoft Visual Studio Solution File, Format Version 12.00
# Visual Studio Version 17
VisualStudioVersion = 17.3.32929.385
MinimumVisualStudioVersion = 10.0.40219.1
Project("{FAE04EC0-301F-11D3-BF4B-00C04F79EFBC}") = "csharp-lavanderia", "csharp-lavanderia.csproj", "{FF92787D-8AF7-4F83-818F-6C00152DFE28}"
EndProject
Global
	GlobalSection(SolutionConfigurationPlatforms) = preSolution
		Debug|Any CPU = Debug|Any CPU
		Release|Any CPU = Release|Any CPU
	EndGlobalSection
	GlobalSection(ProjectConfigurationPlatforms) = postSolution
		{FF92787D-8AF7-4F83-818F-6C00152DFE28}.Debug|Any CPU.ActiveCfg = Debug|Any CPU
		{FF92787D-8AF7-4F83-818F-6C00152DFE28}.Debug|Any CPU.Build.0 = Debug|Any CPU
		{FF92787D-8AF7-4F83-818F-6C00152DFE28}.Release|Any CPU.ActiveCfg = Release|Any CPU
		{FF92787D-8AF7-4F83-818F-6C00152DFE28}.Release|Any CPU.Build.0 = Release|Any CPU
	EndGlobalSection
	GlobalSection(SolutionProperties) = preSolution
		HideSolutionNode = FALSE
	EndGlobalSection
	GlobalSection(ExtensibilityGlobals) = postSolution
		SolutionGuid = {DD523BB3-4D64-4E90-8086-D0BC1BC33024}
	EndGlobalSection
EndGlobal
